extension-name: "WordPress Plugin Suite Profile"
extension-slug: "wordpress-plugin-suite-profile"
extension-version: "0.2.0"
extension-type: "platform-profile"
package-type: "complete-distribution"
adoption-status: "approved"
framework-minimum: "0.3.5"
source-package: "wordpress-plugin-suite-profile-v0.2.0 (1).zip"
source-package-sha256: "3496fcbe66100c31ea4e3a70893ba311f2e395fcf2d4db7c999505532de98cb4"
